
Microsoft Visual Studio Solution File, Format Version 12.00
# Visual Studio 15
VisualStudioVersion = 15.0.28307.757
MinimumVisualStudioVersion = 10.0.40219.1
Project("{FAE04EC0-301F-11D3-BF4B-00C04F79EFBC}") = "WebAppEmbedded1", "WebAppEmbedded1\WebAppEmbedded1.csproj", "{FAE302F5-9276-422B-8E35-C19DDDE966BD}"
EndProject
Global
	GlobalSection(SolutionConfigurationPlatforms) = preSolution
		Debug|Any CPU = Debug|Any CPU
		Release|Any CPU = Release|Any CPU
	EndGlobalSection
	GlobalSection(ProjectConfigurationPlatforms) = postSolution
		{FAE302F5-9276-422B-8E35-C19DDDE966BD}.Debug|Any CPU.ActiveCfg = Debug|Any CPU
		{FAE302F5-9276-422B-8E35-C19DDDE966BD}.Debug|Any CPU.Build.0 = Debug|Any CPU
		{FAE302F5-9276-422B-8E35-C19DDDE966BD}.Release|Any CPU.ActiveCfg = Release|Any CPU
		{FAE302F5-9276-422B-8E35-C19DDDE966BD}.Release|Any CPU.Build.0 = Release|Any CPU
	EndGlobalSection
	GlobalSection(SolutionProperties) = preSolution
		HideSolutionNode = FALSE
	EndGlobalSection
	GlobalSection(ExtensibilityGlobals) = postSolution
		SolutionGuid = {DCF9454E-776D-4C42-8272-81BA6597E067}
	EndGlobalSection
EndGlobal
